
Microsoft Visual Studio Solution File, Format Version 12.00
# Visual Studio Version 17
VisualStudioVersion = 17.8.34525.116
MinimumVisualStudioVersion = 10.0.40219.1
Project("{FAE04EC0-301F-11D3-BF4B-00C04F79EFBC}") = "TesteHelloWorld", "TesteHelloWorld\TesteHelloWorld.csproj", "{FC4E308E-3F43-42C5-B513-98DFA5E8268B}"
EndProject
Global
	GlobalSection(SolutionConfigurationPlatforms) = preSolution
		Debug|Any CPU = Debug|Any CPU
		Release|Any CPU = Release|Any CPU
	EndGlobalSection
	GlobalSection(ProjectConfigurationPlatforms) = postSolution
		{FC4E308E-3F43-42C5-B513-98DFA5E8268B}.Debug|Any CPU.ActiveCfg = Debug|Any CPU
		{FC4E308E-3F43-42C5-B513-98DFA5E8268B}.Debug|Any CPU.Build.0 = Debug|Any CPU
		{FC4E308E-3F43-42C5-B513-98DFA5E8268B}.Release|Any CPU.ActiveCfg = Release|Any CPU
		{FC4E308E-3F43-42C5-B513-98DFA5E8268B}.Release|Any CPU.Build.0 = Release|Any CPU
	EndGlobalSection
	GlobalSection(SolutionProperties) = preSolution
		HideSolutionNode = FALSE
	EndGlobalSection
	GlobalSection(ExtensibilityGlobals) = postSolution
		SolutionGuid = {5618EF7A-8200-46CA-B68B-995717D03031}
	EndGlobalSection
EndGlobal
